
Microsoft Visual Studio Solution File, Format Version 12.00
# Visual Studio 15
VisualStudioVersion = 15.0.28307.852
MinimumVisualStudioVersion = 10.0.40219.1
Project("{FAE04EC0-301F-11D3-BF4B-00C04F79EFBC}") = "XMLClosedCriaçãoExcel", "XMLClosedCriaçãoExcel\XMLClosedCriaçãoExcel.csproj", "{CD47A6BB-7D1F-4074-93C9-A4F362F0B703}"
EndProject
Global
	GlobalSection(SolutionConfigurationPlatforms) = preSolution
		Debug|Any CPU = Debug|Any CPU
		Release|Any CPU = Release|Any CPU
	EndGlobalSection
	GlobalSection(ProjectConfigurationPlatforms) = postSolution
		{CD47A6BB-7D1F-4074-93C9-A4F362F0B703}.Debug|Any CPU.ActiveCfg = Debug|Any CPU
		{CD47A6BB-7D1F-4074-93C9-A4F362F0B703}.Debug|Any CPU.Build.0 = Debug|Any CPU
		{CD47A6BB-7D1F-4074-93C9-A4F362F0B703}.Release|Any CPU.ActiveCfg = Release|Any CPU
		{CD47A6BB-7D1F-4074-93C9-A4F362F0B703}.Release|Any CPU.Build.0 = Release|Any CPU
	EndGlobalSection
	GlobalSection(SolutionProperties) = preSolution
		HideSolutionNode = FALSE
	EndGlobalSection
	GlobalSection(ExtensibilityGlobals) = postSolution
		SolutionGuid = {09F1CE6B-C207-4944-A91A-B8A08806F631}
	EndGlobalSection
EndGlobal
